{
  "version": 4,
  "terraform_version": "1.7.5",
  "serial": 373,
  "lineage": "92b35485-6bdf-2cf7-46a6-be0ebba36419",
  "outputs": {},
  "resources": [
    {
      "mode": "managed",
      "type": "google_compute_backend_service",
      "name": "devoteam-load-balancer",
      "provider": "provider[\"registry.terraform.io/hashicorp/google\"]",
      "instances": [
        {
          "schema_version": 1,
          "attributes": {
            "affinity_cookie_ttl_sec": 0,
            "backend": [
              {
                "balancing_mode": "UTILIZATION",
                "capacity_scaler": 1,
                "description": "",
                "group": "https://www.googleapis.com/compute/v1/projects/cloud-internship-aerdeljan/zones/europe-west1-c/instanceGroups/devoteam-instance-manager",
                "max_connections": 0,
                "max_connections_per_endpoint": 0,
                "max_connections_per_instance": 0,
                "max_rate": 0,
                "max_rate_per_endpoint": 0,
                "max_rate_per_instance": 0,
                "max_utilization": 0
              }
            ],
            "cdn_policy": [],
            "circuit_breakers": [],
            "compression_mode": "",
            "connection_draining_timeout_sec": 0,
            "consistent_hash": [],
            "creation_timestamp": "2024-04-08T15:22:31.245-07:00",
            "custom_request_headers": null,
            "custom_response_headers": null,
            "description": "",
            "edge_security_policy": "",
            "enable_cdn": false,
            "fingerprint": "tk9nLPdTy2M=",
            "generated_id": -1195781944,
            "health_checks": [
              "projects/cloud-internship-aerdeljan/global/healthChecks/devoteam-health-check"
            ],
            "iap": [],
            "id": "projects/cloud-internship-aerdeljan/global/backendServices/devoteam-load-balancer",
            "load_balancing_scheme": "EXTERNAL_MANAGED",
            "locality_lb_policies": [],
            "locality_lb_policy": "",
            "log_config": [],
            "name": "devoteam-load-balancer",
            "outlier_detection": [],
            "port_name": "http",
            "project": "cloud-internship-aerdeljan",
            "protocol": "HTTP",
            "security_policy": "",
            "security_settings": [],
            "self_link": "https://www.googleapis.com/compute/v1/projects/cloud-internship-aerdeljan/global/backendServices/devoteam-load-balancer",
            "session_affinity": "NONE",
            "timeout_sec": 30,
            "timeouts": null
          },
          "sensitive_attributes": [],
          "private": "eyJlMmJmYjczMC1lY2FhLTExZTYtOGY4OC0zNDM2M2JjN2M0YzAiOnsiY3JlYXRlIjoxMjAwMDAwMDAwMDAwLCJkZWxldGUiOjEyMDAwMDAwMDAwMDAsInVwZGF0ZSI6MTIwMDAwMDAwMDAwMH0sInNjaGVtYV92ZXJzaW9uIjoiMSJ9",
          "dependencies": [
            "google_compute_health_check.devoteam-health-check",
            "google_compute_instance_group_manager.devoteam-vm-group",
            "google_compute_instance_template.devoteam-vm",
            "google_compute_network.project_vpc",
            "google_compute_subnetwork.project_subnet_us_central"
          ]
        }
      ]
    },
    {
      "mode": "managed",
      "type": "google_compute_firewall",
      "name": "firewall_rules",
      "provider": "provider[\"registry.terraform.io/hashicorp/google\"]",
      "instances": [
        {
          "schema_version": 1,
          "attributes": {
            "allow": [
              {
                "ports": [
                  "80",
                  "8080",
                  "3000",
                  "3001",
                  "22"
                ],
                "protocol": "tcp"
              },
              {
                "ports": [],
                "protocol": "icmp"
              }
            ],
            "creation_timestamp": "2024-04-08T15:21:33.063-07:00",
            "deny": [],
            "description": "",
            "destination_ranges": [],
            "direction": "INGRESS",
            "disabled": false,
            "enable_logging": null,
            "id": "projects/cloud-internship-aerdeljan/global/firewalls/devoteam-network-firewall",
            "log_config": [],
            "name": "devoteam-network-firewall",
            "network": "https://www.googleapis.com/compute/v1/projects/cloud-internship-aerdeljan/global/networks/devoteam-network",
            "priority": 1000,
            "project": "cloud-internship-aerdeljan",
            "self_link": "https://www.googleapis.com/compute/v1/projects/cloud-internship-aerdeljan/global/firewalls/devoteam-network-firewall",
            "source_ranges": [
              "0.0.0.0/0"
            ],
            "source_service_accounts": null,
            "source_tags": null,
            "target_service_accounts": null,
            "target_tags": null,
            "timeouts": null
          },
          "sensitive_attributes": [],
          "private": "eyJlMmJmYjczMC1lY2FhLTExZTYtOGY4OC0zNDM2M2JjN2M0YzAiOnsiY3JlYXRlIjoxMjAwMDAwMDAwMDAwLCJkZWxldGUiOjEyMDAwMDAwMDAwMDAsInVwZGF0ZSI6MTIwMDAwMDAwMDAwMH0sInNjaGVtYV92ZXJzaW9uIjoiMSJ9",
          "dependencies": [
            "google_compute_network.project_vpc"
          ]
        }
      ]
    },
    {
      "mode": "managed",
      "type": "google_compute_global_forwarding_rule",
      "name": "forward",
      "provider": "provider[\"registry.terraform.io/hashicorp/google\"]",
      "instances": [
        {
          "schema_version": 0,
          "attributes": {
            "base_forwarding_rule": "",
            "description": "",
            "effective_labels": {},
            "id": "projects/cloud-internship-aerdeljan/global/forwardingRules/http-content-rule",
            "ip_address": "35.244.220.82",
            "ip_protocol": "TCP",
            "ip_version": "",
            "label_fingerprint": "42WmSpB8rSM=",
            "labels": null,
            "load_balancing_scheme": "EXTERNAL_MANAGED",
            "metadata_filters": [],
            "name": "http-content-rule",
            "network": "",
            "no_automate_dns_zone": null,
            "port_range": "3000-3000",
            "project": "cloud-internship-aerdeljan",
            "psc_connection_id": "",
            "psc_connection_status": "",
            "self_link": "https://www.googleapis.com/compute/v1/projects/cloud-internship-aerdeljan/global/forwardingRules/http-content-rule",
            "service_directory_registrations": [],
            "source_ip_ranges": null,
            "subnetwork": "",
            "target": "https://www.googleapis.com/compute/v1/projects/cloud-internship-aerdeljan/global/targetHttpProxies/proxy",
            "terraform_labels": {},
            "timeouts": null
          },
          "sensitive_attributes": [],
          "private": "eyJlMmJmYjczMC1lY2FhLTExZTYtOGY4OC0zNDM2M2JjN2M0YzAiOnsiY3JlYXRlIjoxMjAwMDAwMDAwMDAwLCJkZWxldGUiOjEyMDAwMDAwMDAwMDAsInVwZGF0ZSI6MTIwMDAwMDAwMDAwMH19",
          "dependencies": [
            "google_compute_backend_service.devoteam-load-balancer",
            "google_compute_health_check.devoteam-health-check",
            "google_compute_instance_group_manager.devoteam-vm-group",
            "google_compute_instance_template.devoteam-vm",
            "google_compute_network.project_vpc",
            "google_compute_subnetwork.project_subnet_us_central",
            "google_compute_target_http_proxy.proxy",
            "google_compute_url_map.url-mapper"
          ]
        }
      ]
    },
    {
      "mode": "managed",
      "type": "google_compute_health_check",
      "name": "devoteam-health-check",
      "provider": "provider[\"registry.terraform.io/hashicorp/google\"]",
      "instances": [
        {
          "schema_version": 0,
          "attributes": {
            "check_interval_sec": 5,
            "creation_timestamp": "2024-04-08T15:21:21.110-07:00",
            "description": "",
            "grpc_health_check": [],
            "healthy_threshold": 2,
            "http2_health_check": [],
            "http_health_check": [
              {
                "host": "",
                "port": 3000,
                "port_name": "",
                "port_specification": "USE_FIXED_PORT",
                "proxy_header": "NONE",
                "request_path": "/",
                "response": ""
              }
            ],
            "https_health_check": [],
            "id": "projects/cloud-internship-aerdeljan/global/healthChecks/devoteam-health-check",
            "log_config": [
              {
                "enable": false
              }
            ],
            "name": "devoteam-health-check",
            "project": "cloud-internship-aerdeljan",
            "self_link": "https://www.googleapis.com/compute/v1/projects/cloud-internship-aerdeljan/global/healthChecks/devoteam-health-check",
            "ssl_health_check": [],
            "tcp_health_check": [],
            "timeout_sec": 5,
            "timeouts": null,
            "type": "HTTP",
            "unhealthy_threshold": 2
          },
          "sensitive_attributes": [],
          "private": "eyJlMmJmYjczMC1lY2FhLTExZTYtOGY4OC0zNDM2M2JjN2M0YzAiOnsiY3JlYXRlIjoxMjAwMDAwMDAwMDAwLCJkZWxldGUiOjEyMDAwMDAwMDAwMDAsInVwZGF0ZSI6MTIwMDAwMDAwMDAwMH19"
        }
      ]
    },
    {
      "mode": "managed",
      "type": "google_compute_instance_group_manager",
      "name": "devoteam-vm-group",
      "provider": "provider[\"registry.terraform.io/hashicorp/google\"]",
      "instances": [
        {
          "schema_version": 0,
          "attributes": {
            "all_instances_config": [],
            "auto_healing_policies": [],
            "base_instance_name": "task1-vm",
            "creation_timestamp": "2024-04-08T15:22:09.222-07:00",
            "description": "",
            "fingerprint": "LpRiJ5ZHls8=",
            "id": "projects/cloud-internship-aerdeljan/zones/europe-west1-c/instanceGroupManagers/devoteam-instance-manager",
            "instance_group": "https://www.googleapis.com/compute/v1/projects/cloud-internship-aerdeljan/zones/europe-west1-c/instanceGroups/devoteam-instance-manager",
            "instance_lifecycle_policy": [
              {
                "default_action_on_failure": "REPAIR",
                "force_update_on_repair": "NO"
              }
            ],
            "list_managed_instances_results": "PAGELESS",
            "name": "devoteam-instance-manager",
            "named_port": [
              {
                "name": "http",
                "port": 3000
              }
            ],
            "operation": null,
            "project": "cloud-internship-aerdeljan",
            "self_link": "https://www.googleapis.com/compute/v1/projects/cloud-internship-aerdeljan/zones/europe-west1-c/instanceGroupManagers/devoteam-instance-manager",
            "stateful_disk": [],
            "stateful_external_ip": [],
            "stateful_internal_ip": [],
            "status": [
              {
                "all_instances_config": [
                  {
                    "current_revision": "",
                    "effective": true
                  }
                ],
                "is_stable": false,
                "stateful": [
                  {
                    "has_stateful_config": false,
                    "per_instance_configs": [
                      {
                        "all_effective": true
                      }
                    ]
                  }
                ],
                "version_target": [
                  {
                    "is_reached": true
                  }
                ]
              }
            ],
            "target_pools": null,
            "target_size": 2,
            "timeouts": null,
            "update_policy": [
              {
                "max_surge_fixed": 1,
                "max_surge_percent": 0,
                "max_unavailable_fixed": 1,
                "max_unavailable_percent": 0,
                "minimal_action": "REPLACE",
                "most_disruptive_allowed_action": "",
                "replacement_method": "SUBSTITUTE",
                "type": "OPPORTUNISTIC"
              }
            ],
            "version": [
              {
                "instance_template": "https://www.googleapis.com/compute/v1/projects/cloud-internship-aerdeljan/global/instanceTemplates/devoteam-vm",
                "name": "primary",
                "target_size": []
              }
            ],
            "wait_for_instances": false,
            "wait_for_instances_status": "STABLE",
            "zone": "europe-west1-c"
          },
          "sensitive_attributes": [],
          "private": "eyJlMmJmYjczMC1lY2FhLTExZTYtOGY4OC0zNDM2M2JjN2M0YzAiOnsiY3JlYXRlIjo5MDAwMDAwMDAwMDAsImRlbGV0ZSI6OTAwMDAwMDAwMDAwLCJ1cGRhdGUiOjkwMDAwMDAwMDAwMH19",
          "dependencies": [
            "google_compute_instance_template.devoteam-vm",
            "google_compute_network.project_vpc",
            "google_compute_subnetwork.project_subnet_us_central"
          ]
        }
      ]
    },
    {
      "mode": "managed",
      "type": "google_compute_instance_template",
      "name": "devoteam-vm",
      "provider": "provider[\"registry.terraform.io/hashicorp/google\"]",
      "instances": [
        {
          "schema_version": 1,
          "attributes": {
            "advanced_machine_features": [],
            "can_ip_forward": false,
            "confidential_instance_config": null,
            "description": "",
            "disk": [
              {
                "auto_delete": true,
                "boot": true,
                "device_name": "devoteam-disk",
                "disk_encryption_key": [],
                "disk_name": "",
                "disk_size_gb": 0,
                "disk_type": "pd-standard",
                "interface": "SCSI",
                "labels": null,
                "mode": "READ_WRITE",
                "provisioned_iops": 0,
                "resource_manager_tags": null,
                "resource_policies": null,
                "source": "",
                "source_image": "projects/debian-cloud/global/images/debian-12-bookworm-v20240312",
                "source_image_encryption_key": [],
                "source_snapshot": "",
                "source_snapshot_encryption_key": [],
                "type": "PERSISTENT"
              }
            ],
            "effective_labels": {},
            "guest_accelerator": [],
            "id": "projects/cloud-internship-aerdeljan/global/instanceTemplates/devoteam-vm",
            "instance_description": "",
            "labels": null,
            "machine_type": "e2-medium",
            "metadata": null,
            "metadata_fingerprint": "hTtrkmW-HXI=",
            "metadata_startup_script": "#!/bin/bash\n\n# Update package repositories\nsudo apt-get update\n\n# Install necessary packages\nsudo apt-get install -y \\\n     ca-certificates \\\n     curl \\\n     gnupg \\\n     lsb-release\n\n# Add Docker GPG key\ncurl -fsSL https://download.docker.com/linux/debian/gpg | sudo gpg --dearmor -o /usr/share/keyrings/docker-archive-keyring.gpg\n\n# Add Docker repository\necho \\\n  \"deb [arch=$(dpkg --print-architecture) signed-by=/usr/share/keyrings/docker-archive-keyring.gpg] https://download.docker.com/linux/debian \\\n  $(lsb_release -cs) stable\" | sudo tee /etc/apt/sources.list.d/docker.list \u003e /dev/null\n\n# Update package repositories again\nsudo apt-get update\n\n# Install Docker\nsudo apt-get install -y docker-ce docker-ce-cli containerd.io\n\n\n# Create a destination directory\nmkdir -p /home/antonijeerdeljan01/devoteam-app\n\n# Copy the contents of the Google Cloud Storage bucket to the destination directory\nsudo gsutil cp -r gs://devoteam-app/* /home/antonijeerdeljan01/devoteam-app\n\n\n# Navigate to the copied directory\ncd /home/antonijeerdeljan01/devoteam-app/devoteam-internship\n\n# Start the Docker containers\nsudo docker compose up\n",
            "min_cpu_platform": "",
            "name": "devoteam-vm",
            "name_prefix": null,
            "network_interface": [
              {
                "access_config": [
                  {
                    "nat_ip": "",
                    "network_tier": "PREMIUM",
                    "public_ptr_domain_name": ""
                  }
                ],
                "alias_ip_range": [],
                "internal_ipv6_prefix_length": 0,
                "ipv6_access_config": [],
                "ipv6_access_type": "",
                "ipv6_address": "",
                "name": "nic0",
                "network": "https://www.googleapis.com/compute/v1/projects/cloud-internship-aerdeljan/global/networks/devoteam-network",
                "network_ip": "",
                "nic_type": "",
                "queue_count": 0,
                "stack_type": "",
                "subnetwork": "https://www.googleapis.com/compute/v1/projects/cloud-internship-aerdeljan/regions/europe-west1/subnetworks/devoteam-subnet",
                "subnetwork_project": "cloud-internship-aerdeljan"
              }
            ],
            "network_performance_config": [],
            "project": "cloud-internship-aerdeljan",
            "region": "europe-west1",
            "reservation_affinity": [],
            "resource_manager_tags": null,
            "resource_policies": null,
            "scheduling": [
              {
                "automatic_restart": true,
                "instance_termination_action": "",
                "local_ssd_recovery_timeout": [],
                "min_node_cpus": 0,
                "node_affinities": [],
                "on_host_maintenance": "MIGRATE",
                "preemptible": false,
                "provisioning_model": "STANDARD"
              }
            ],
            "self_link": "https://www.googleapis.com/compute/v1/projects/cloud-internship-aerdeljan/global/instanceTemplates/devoteam-vm",
            "self_link_unique": "https://www.googleapis.com/compute/v1/projects/cloud-internship-aerdeljan/global/instanceTemplates/devoteam-vm?uniqueId=1178020317331312877",
            "service_account": [
              {
                "email": "cloud-internship-aerdeljan@appspot.gserviceaccount.com",
                "scopes": [
                  "https://www.googleapis.com/auth/cloud-platform"
                ]
              }
            ],
            "shielded_instance_config": [],
            "tags": null,
            "tags_fingerprint": "",
            "terraform_labels": {},
            "timeouts": null
          },
          "sensitive_attributes": [],
          "private": "eyJlMmJmYjczMC1lY2FhLTExZTYtOGY4OC0zNDM2M2JjN2M0YzAiOnsiY3JlYXRlIjoyNDAwMDAwMDAwMDAsImRlbGV0ZSI6MjQwMDAwMDAwMDAwfSwic2NoZW1hX3ZlcnNpb24iOiIxIn0=",
          "dependencies": [
            "google_compute_network.project_vpc",
            "google_compute_subnetwork.project_subnet_us_central"
          ]
        }
      ]
    },
    {
      "mode": "managed",
      "type": "google_compute_network",
      "name": "project_vpc",
      "provider": "provider[\"registry.terraform.io/hashicorp/google\"]",
      "instances": [
        {
          "schema_version": 0,
          "attributes": {
            "auto_create_subnetworks": false,
            "delete_default_routes_on_create": false,
            "description": "",
            "enable_ula_internal_ipv6": false,
            "gateway_ipv4": "",
            "id": "projects/cloud-internship-aerdeljan/global/networks/devoteam-network",
            "internal_ipv6_range": "",
            "mtu": 0,
            "name": "devoteam-network",
            "network_firewall_policy_enforcement_order": "AFTER_CLASSIC_FIREWALL",
            "numeric_id": "4403960679874810638",
            "project": "cloud-internship-aerdeljan",
            "routing_mode": "REGIONAL",
            "self_link": "https://www.googleapis.com/compute/v1/projects/cloud-internship-aerdeljan/global/networks/devoteam-network",
            "timeouts": null
          },
          "sensitive_attributes": [],
          "private": "eyJlMmJmYjczMC1lY2FhLTExZTYtOGY4OC0zNDM2M2JjN2M0YzAiOnsiY3JlYXRlIjoxMjAwMDAwMDAwMDAwLCJkZWxldGUiOjEyMDAwMDAwMDAwMDAsInVwZGF0ZSI6MTIwMDAwMDAwMDAwMH19"
        }
      ]
    },
    {
      "mode": "managed",
      "type": "google_compute_subnetwork",
      "name": "project_subnet_us_central",
      "provider": "provider[\"registry.terraform.io/hashicorp/google\"]",
      "instances": [
        {
          "schema_version": 0,
          "attributes": {
            "creation_timestamp": "2024-04-08T15:21:33.678-07:00",
            "description": "",
            "external_ipv6_prefix": "",
            "fingerprint": null,
            "gateway_address": "10.0.0.1",
            "id": "projects/cloud-internship-aerdeljan/regions/europe-west1/subnetworks/devoteam-subnet",
            "internal_ipv6_prefix": "",
            "ip_cidr_range": "10.0.0.0/24",
            "ipv6_access_type": "",
            "ipv6_cidr_range": "",
            "log_config": [],
            "name": "devoteam-subnet",
            "network": "https://www.googleapis.com/compute/v1/projects/cloud-internship-aerdeljan/global/networks/devoteam-network",
            "private_ip_google_access": false,
            "private_ipv6_google_access": "DISABLE_GOOGLE_ACCESS",
            "project": "cloud-internship-aerdeljan",
            "purpose": "PRIVATE",
            "region": "europe-west1",
            "role": "",
            "secondary_ip_range": [],
            "self_link": "https://www.googleapis.com/compute/v1/projects/cloud-internship-aerdeljan/regions/europe-west1/subnetworks/devoteam-subnet",
            "stack_type": "IPV4_ONLY",
            "timeouts": null
          },
          "sensitive_attributes": [],
          "private": "eyJlMmJmYjczMC1lY2FhLTExZTYtOGY4OC0zNDM2M2JjN2M0YzAiOnsiY3JlYXRlIjoxMjAwMDAwMDAwMDAwLCJkZWxldGUiOjEyMDAwMDAwMDAwMDAsInVwZGF0ZSI6MTIwMDAwMDAwMDAwMH19",
          "dependencies": [
            "google_compute_network.project_vpc"
          ]
        }
      ]
    },
    {
      "mode": "managed",
      "type": "google_compute_target_http_proxy",
      "name": "proxy",
      "provider": "provider[\"registry.terraform.io/hashicorp/google\"]",
      "instances": [
        {
          "schema_version": 0,
          "attributes": {
            "creation_timestamp": "2024-04-08T15:23:16.797-07:00",
            "description": "",
            "http_keep_alive_timeout_sec": 0,
            "id": "projects/cloud-internship-aerdeljan/global/targetHttpProxies/proxy",
            "name": "proxy",
            "project": "cloud-internship-aerdeljan",
            "proxy_bind": false,
            "proxy_id": -1195781957,
            "self_link": "https://www.googleapis.com/compute/v1/projects/cloud-internship-aerdeljan/global/targetHttpProxies/proxy",
            "timeouts": null,
            "url_map": "https://www.googleapis.com/compute/v1/projects/cloud-internship-aerdeljan/global/urlMaps/http-mapper"
          },
          "sensitive_attributes": [],
          "private": "eyJlMmJmYjczMC1lY2FhLTExZTYtOGY4OC0zNDM2M2JjN2M0YzAiOnsiY3JlYXRlIjoxMjAwMDAwMDAwMDAwLCJkZWxldGUiOjEyMDAwMDAwMDAwMDAsInVwZGF0ZSI6MTIwMDAwMDAwMDAwMH19",
          "dependencies": [
            "google_compute_backend_service.devoteam-load-balancer",
            "google_compute_health_check.devoteam-health-check",
            "google_compute_instance_group_manager.devoteam-vm-group",
            "google_compute_instance_template.devoteam-vm",
            "google_compute_network.project_vpc",
            "google_compute_subnetwork.project_subnet_us_central",
            "google_compute_url_map.url-mapper"
          ]
        }
      ]
    },
    {
      "mode": "managed",
      "type": "google_compute_url_map",
      "name": "url-mapper",
      "provider": "provider[\"registry.terraform.io/hashicorp/google\"]",
      "instances": [
        {
          "schema_version": 0,
          "attributes": {
            "creation_timestamp": "2024-04-08T15:23:04.929-07:00",
            "default_route_action": [],
            "default_service": "https://www.googleapis.com/compute/v1/projects/cloud-internship-aerdeljan/global/backendServices/devoteam-load-balancer",
            "default_url_redirect": [],
            "description": "",
            "fingerprint": "hBxZ8WdMLYM=",
            "header_action": [],
            "host_rule": [],
            "id": "projects/cloud-internship-aerdeljan/global/urlMaps/http-mapper",
            "map_id": -1195781977,
            "name": "http-mapper",
            "path_matcher": [],
            "project": "cloud-internship-aerdeljan",
            "self_link": "https://www.googleapis.com/compute/v1/projects/cloud-internship-aerdeljan/global/urlMaps/http-mapper",
            "test": [],
            "timeouts": null
          },
          "sensitive_attributes": [],
          "private": "eyJlMmJmYjczMC1lY2FhLTExZTYtOGY4OC0zNDM2M2JjN2M0YzAiOnsiY3JlYXRlIjoxMjAwMDAwMDAwMDAwLCJkZWxldGUiOjEyMDAwMDAwMDAwMDAsInVwZGF0ZSI6MTIwMDAwMDAwMDAwMH19",
          "dependencies": [
            "google_compute_backend_service.devoteam-load-balancer",
            "google_compute_health_check.devoteam-health-check",
            "google_compute_instance_group_manager.devoteam-vm-group",
            "google_compute_instance_template.devoteam-vm",
            "google_compute_network.project_vpc",
            "google_compute_subnetwork.project_subnet_us_central"
          ]
        }
      ]
    }
  ],
  "check_results": null
}
